
Microsoft Visual Studio Solution File, Format Version 11.00
# Visual Studio 2010
# SharpDevelop 5.1
Project("{FAE04EC0-301F-11D3-BF4B-00C04F79EFBC}") = "bilist", "bilist\bilist.csproj", "{89172235-A433-4D79-9904-8247DC353E62}"
EndProject
Global
	GlobalSection(SolutionConfigurationPlatforms) = preSolution
		Debug|Any CPU = Debug|Any CPU
		Release|Any CPU = Release|Any CPU
	EndGlobalSection
	GlobalSection(ProjectConfigurationPlatforms) = postSolution
		{89172235-A433-4D79-9904-8247DC353E62}.Debug|Any CPU.ActiveCfg = Debug|Any CPU
		{89172235-A433-4D79-9904-8247DC353E62}.Debug|Any CPU.Build.0 = Debug|Any CPU
		{89172235-A433-4D79-9904-8247DC353E62}.Release|Any CPU.ActiveCfg = Release|Any CPU
		{89172235-A433-4D79-9904-8247DC353E62}.Release|Any CPU.Build.0 = Release|Any CPU
	EndGlobalSection
EndGlobal
