
Microsoft Visual Studio Solution File, Format Version 11.00
# Visual Studio 2010
# SharpDevelop 5.1
Project("{FAE04EC0-301F-11D3-BF4B-00C04F79EFBC}") = "bililurker", "bililurker\bililurker.csproj", "{8FEB4F03-DB94-4EDA-A22A-CBB6F2684303}"
EndProject
Global
	GlobalSection(SolutionConfigurationPlatforms) = preSolution
		Debug|Any CPU = Debug|Any CPU
		Release|Any CPU = Release|Any CPU
	EndGlobalSection
	GlobalSection(ProjectConfigurationPlatforms) = postSolution
		{8FEB4F03-DB94-4EDA-A22A-CBB6F2684303}.Debug|Any CPU.ActiveCfg = Debug|Any CPU
		{8FEB4F03-DB94-4EDA-A22A-CBB6F2684303}.Debug|Any CPU.Build.0 = Debug|Any CPU
		{8FEB4F03-DB94-4EDA-A22A-CBB6F2684303}.Release|Any CPU.ActiveCfg = Release|Any CPU
		{8FEB4F03-DB94-4EDA-A22A-CBB6F2684303}.Release|Any CPU.Build.0 = Release|Any CPU
	EndGlobalSection
EndGlobal
